{
  "nodes": {
    "base16": {
      "inputs": {
        "fromYaml": "fromYaml"
      },
      "locked": {
        "lastModified": 1746562888,
        "narHash": "sha256-YgNJQyB5dQiwavdDFBMNKk1wyS77AtdgDk/VtU6wEaI=",
        "owner": "SenchoPens",
        "repo": "base16.nix",
        "rev": "806a1777a5db2a1ef9d5d6f493ef2381047f2b89",
        "type": "github"
      },
      "original": {
        "owner": "SenchoPens",
        "repo": "base16.nix",
        "type": "github"
      }
    },
    "base16-fish": {
      "flake": false,
      "locked": {
        "lastModified": 1622559957,
        "narHash": "sha256-PebymhVYbL8trDVVXxCvZgc0S5VxI7I1Hv4RMSquTpA=",
        "owner": "tomyun",
        "repo": "base16-fish",
        "rev": "2f6dd973a9075dabccd26f1cded09508180bf5fe",
        "type": "github"
      },
      "original": {
        "owner": "tomyun",
        "repo": "base16-fish",
        "type": "github"
      }
    },
    "base16-helix": {
      "flake": false,
      "locked": {
        "lastModified": 1748408240,
        "narHash": "sha256-9M2b1rMyMzJK0eusea0x3lyh3mu5nMeEDSc4RZkGm+g=",
        "owner": "tinted-theming",
        "repo": "base16-helix",
        "rev": "6c711ab1a9db6f51e2f6887cc3345530b33e152e",
        "type": "github"
      },
      "original": {
        "owner": "tinted-theming",
        "repo": "base16-helix",
        "type": "github"
      }
    },
    "base16-vim": {
      "flake": false,
      "locked": {
        "lastModified": 1732806396,
        "narHash": "sha256-e0bpPySdJf0F68Ndanwm+KWHgQiZ0s7liLhvJSWDNsA=",
        "owner": "tinted-theming",
        "repo": "base16-vim",
        "rev": "577fe8125d74ff456cf942c733a85d769afe58b7",
        "type": "github"
      },
      "original": {
        "owner": "tinted-theming",
        "repo": "base16-vim",
        "rev": "577fe8125d74ff456cf942c733a85d769afe58b7",
        "type": "github"
      }
    },
    "disko": {
      "inputs": {
        "nixpkgs": [
          "nixpkgs"
        ]
      },
      "locked": {
        "lastModified": 1746728054,
        "narHash": "sha256-eDoSOhxGEm2PykZFa/x9QG5eTH0MJdiJ9aR00VAofXE=",
        "owner": "nix-community",
        "repo": "disko",
        "rev": "ff442f5d1425feb86344c028298548024f21256d",
        "type": "github"
      },
      "original": {
        "owner": "nix-community",
        "ref": "latest",
        "repo": "disko",
        "type": "github"
      }
    },
    "firefox-gnome-theme": {
      "flake": false,
      "locked": {
        "lastModified": 1748383148,
        "narHash": "sha256-pGvD/RGuuPf/4oogsfeRaeMm6ipUIznI2QSILKjKzeA=",
        "owner": "rafaelmardojai",
        "repo": "firefox-gnome-theme",
        "rev": "4eb2714fbed2b80e234312611a947d6cb7d70caf",
        "type": "github"
      },
      "original": {
        "owner": "rafaelmardojai",
        "repo": "firefox-gnome-theme",
        "type": "github"
      }
    },
    "flake-parts": {
      "inputs": {
        "nixpkgs-lib": "nixpkgs-lib"
      },
      "locked": {
        "lastModified": 1749398372,
        "narHash": "sha256-tYBdgS56eXYaWVW3fsnPQ/nFlgWi/Z2Ymhyu21zVM98=",
        "owner": "hercules-ci",
        "repo": "flake-parts",
        "rev": "9305fe4e5c2a6fcf5ba6a3ff155720fbe4076569",
        "type": "github"
      },
      "original": {
        "owner": "hercules-ci",
        "repo": "flake-parts",
        "type": "github"
      }
    },
    "flake-parts_2": {
      "inputs": {
        "nixpkgs-lib": "nixpkgs-lib_2"
      },
      "locked": {
        "lastModified": 1741352980,
        "narHash": "sha256-+u2UunDA4Cl5Fci3m7S643HzKmIDAe+fiXrLqYsR2fs=",
        "owner": "hercules-ci",
        "repo": "flake-parts",
        "rev": "f4330d22f1c5d2ba72d3d22df5597d123fdb60a9",
        "type": "github"
      },
      "original": {
        "owner": "hercules-ci",
        "repo": "flake-parts",
        "type": "github"
      }
    },
    "flake-parts_3": {
      "inputs": {
        "nixpkgs-lib": [
          "stylix",
          "nixpkgs"
        ]
      },
      "locked": {
        "lastModified": 1743550720,
        "narHash": "sha256-hIshGgKZCgWh6AYJpJmRgFdR3WUbkY04o82X05xqQiY=",
        "owner": "hercules-ci",
        "repo": "flake-parts",
        "rev": "c621e8422220273271f52058f618c94e405bb0f5",
        "type": "github"
      },
      "original": {
        "owner": "hercules-ci",
        "repo": "flake-parts",
        "type": "github"
      }
    },
    "flake-registry": {
      "flake": false,
      "locked": {
        "lastModified": 1744623129,
        "narHash": "sha256-nlQTQrHqM+ywXN0evDXnYEV6z6WWZB5BFQ2TkXsduKw=",
        "owner": "nixos",
        "repo": "flake-registry",
        "rev": "1322f33d5836ae757d2e6190239252cf8402acf6",
        "type": "github"
      },
      "original": {
        "owner": "nixos",
        "repo": "flake-registry",
        "type": "github"
      }
    },
    "fromYaml": {
      "flake": false,
      "locked": {
        "lastModified": 1731966426,
        "narHash": "sha256-lq95WydhbUTWig/JpqiB7oViTcHFP8Lv41IGtayokA8=",
        "owner": "SenchoPens",
        "repo": "fromYaml",
        "rev": "106af9e2f715e2d828df706c386a685698f3223b",
        "type": "github"
      },
      "original": {
        "owner": "SenchoPens",
        "repo": "fromYaml",
        "type": "github"
      }
    },
    "gnome-shell": {
      "flake": false,
      "locked": {
        "lastModified": 1748186689,
        "narHash": "sha256-UaD7Y9f8iuLBMGHXeJlRu6U1Ggw5B9JnkFs3enZlap0=",
        "owner": "GNOME",
        "repo": "gnome-shell",
        "rev": "8c88f917db0f1f0d80fa55206c863d3746fa18d0",
        "type": "github"
      },
      "original": {
        "owner": "GNOME",
        "ref": "48.2",
        "repo": "gnome-shell",
        "type": "github"
      }
    },
    "home-manager": {
      "inputs": {
        "nixpkgs": [
          "nixpkgs"
        ]
      },
      "locked": {
        "lastModified": 1751824240,
        "narHash": "sha256-aDDC0CHTlL7QDKWWhdbEgVPK6KwWt+ca0QkmHYZxMzI=",
        "owner": "nix-community",
        "repo": "home-manager",
        "rev": "fd9e55f5fac45a26f6169310afca64d56b681935",
        "type": "github"
      },
      "original": {
        "owner": "nix-community",
        "repo": "home-manager",
        "type": "github"
      }
    },
    "lyrical": {
      "inputs": {
        "nixpkgs": [
          "nixpkgs"
        ]
      },
      "locked": {
        "lastModified": 1748866339,
        "narHash": "sha256-Aaa/sFr39WpxsGkFBUMp4J5FwMvn0PZEZd8YV6B23NI=",
        "owner": "raymon-roos",
        "repo": "lyrical-rs",
        "rev": "82d0c29778f13f6176f5a595b05568f7b15f3c6c",
        "type": "github"
      },
      "original": {
        "owner": "raymon-roos",
        "repo": "lyrical-rs",
        "type": "github"
      }
    },
    "maomaowm": {
      "inputs": {
        "flake-parts": "flake-parts",
        "mmsg": "mmsg",
        "nixpkgs": [
          "nixpkgs"
        ],
        "scenefx": "scenefx"
      },
      "locked": {
        "lastModified": 1751181778,
        "narHash": "sha256-XTRGgE2T5yA42lPNUiO6jACjSNIvKiRYnKmmOXN0dd0=",
        "owner": "DreamMaoMao",
        "repo": "maomaowm",
        "rev": "293458ebffac37929011aae37383d160ebd92710",
        "type": "github"
      },
      "original": {
        "owner": "DreamMaoMao",
        "ref": "refs/tags/0.7.0",
        "repo": "maomaowm",
        "type": "github"
      }
    },
    "mmsg": {
      "inputs": {
        "flake-parts": "flake-parts_2",
        "nixpkgs": [
          "maomaowm",
          "nixpkgs"
        ]
      },
      "locked": {
        "lastModified": 1750505787,
        "narHash": "sha256-D57Vl2x9RJP+8pjYGYUf1L/q+G6bsmoVaqJX3m5PtlQ=",
        "owner": "DreamMaoMao",
        "repo": "mmsg",
        "rev": "4dc703aa06ae40d2cf5d3c0122b4d7f7d78fe8bf",
        "type": "github"
      },
      "original": {
        "owner": "DreamMaoMao",
        "repo": "mmsg",
        "type": "github"
      }
    },
    "nixpkgs": {
      "locked": {
        "lastModified": 1751792365,
        "narHash": "sha256-J1kI6oAj25IG4EdVlg2hQz8NZTBNYvIS0l4wpr9KcUo=",
        "owner": "nixos",
        "repo": "nixpkgs",
        "rev": "1fd8bada0b6117e6c7eb54aad5813023eed37ccb",
        "type": "github"
      },
      "original": {
        "owner": "nixos",
        "ref": "nixos-unstable",
        "repo": "nixpkgs",
        "type": "github"
      }
    },
    "nixpkgs-lib": {
      "locked": {
        "lastModified": 1748740939,
        "narHash": "sha256-rQaysilft1aVMwF14xIdGS3sj1yHlI6oKQNBRTF40cc=",
        "owner": "nix-community",
        "repo": "nixpkgs.lib",
        "rev": "656a64127e9d791a334452c6b6606d17539476e2",
        "type": "github"
      },
      "original": {
        "owner": "nix-community",
        "repo": "nixpkgs.lib",
        "type": "github"
      }
    },
    "nixpkgs-lib_2": {
      "locked": {
        "lastModified": 1740877520,
        "narHash": "sha256-oiwv/ZK/2FhGxrCkQkB83i7GnWXPPLzoqFHpDD3uYpk=",
        "owner": "nix-community",
        "repo": "nixpkgs.lib",
        "rev": "147dee35aab2193b174e4c0868bd80ead5ce755c",
        "type": "github"
      },
      "original": {
        "owner": "nix-community",
        "repo": "nixpkgs.lib",
        "type": "github"
      }
    },
    "nur": {
      "inputs": {
        "flake-parts": [
          "stylix",
          "flake-parts"
        ],
        "nixpkgs": [
          "stylix",
          "nixpkgs"
        ],
        "treefmt-nix": "treefmt-nix"
      },
      "locked": {
        "lastModified": 1748730660,
        "narHash": "sha256-5LKmRYKdPuhm8j5GFe3AfrJL8dd8o57BQ34AGjJl1R0=",
        "owner": "nix-community",
        "repo": "NUR",
        "rev": "2c0bc52fe14681e9ef60e3553888c4f086e46ecb",
        "type": "github"
      },
      "original": {
        "owner": "nix-community",
        "repo": "NUR",
        "type": "github"
      }
    },
    "plover": {
      "flake": false,
      "locked": {
        "lastModified": 1751343944,
        "narHash": "sha256-c6N7Oh3UREGiXyL4Ri5UjEN1XvnuxveZf6aR74rzLnM=",
        "owner": "openstenoproject",
        "repo": "plover",
        "rev": "65fc2b46425784944d50a38f447c6fa69fe54c83",
        "type": "github"
      },
      "original": {
        "owner": "openstenoproject",
        "repo": "plover",
        "type": "github"
      }
    },
    "plover-flake": {
      "inputs": {
        "nixpkgs": [
          "nixpkgs"
        ],
        "plover": "plover",
        "plover-machine-hid": "plover-machine-hid",
        "plover-stroke": "plover-stroke",
        "plover2cat": "plover2cat",
        "plover_plugins_registry": "plover_plugins_registry",
        "rtf-tokenize": "rtf-tokenize"
      },
      "locked": {
        "lastModified": 1751811433,
        "narHash": "sha256-NNUsiVQfH8dEaLPWcdBJvY9B3s9ONPZiZF90dzpFY/Q=",
        "owner": "dnaq",
        "repo": "plover-flake",
        "rev": "794d79aa3da94fe474099d85ffc70d7cc721f3c3",
        "type": "github"
      },
      "original": {
        "owner": "dnaq",
        "repo": "plover-flake",
        "type": "github"
      }
    },
    "plover-machine-hid": {
      "flake": false,
      "locked": {
        "lastModified": 1737480175,
        "narHash": "sha256-gQAPJwOPQB11El2UyM3NOC7JlC0ppdkHiI0qEIFCEA0=",
        "owner": "dnaq",
        "repo": "plover-machine-hid",
        "rev": "5f80c9e53dbc52980cf48b55b1c1278e4f0f025e",
        "type": "github"
      },
      "original": {
        "owner": "dnaq",
        "repo": "plover-machine-hid",
        "type": "github"
      }
    },
    "plover-stroke": {
      "flake": false,
      "locked": {
        "lastModified": 1652559629,
        "narHash": "sha256-A75OMzmEn0VmDAvmQCp6/7uptxzwWJTwsih3kWlYioA=",
        "owner": "openstenoproject",
        "repo": "plover_stroke",
        "rev": "e717a1983b58dcba644153a542dbf8514425a39b",
        "type": "github"
      },
      "original": {
        "owner": "openstenoproject",
        "repo": "plover_stroke",
        "type": "github"
      }
    },
    "plover2cat": {
      "flake": false,
      "locked": {
        "lastModified": 1740191225,
        "narHash": "sha256-rAHNYkmEHLvnsKBkirCizGYJNgDzu1XEnLh54fmTW/U=",
        "owner": "greenwyrt",
        "repo": "plover2CAT",
        "rev": "c5187632e5e7a633c141704b1a59d9a5703ecd73",
        "type": "github"
      },
      "original": {
        "owner": "greenwyrt",
        "repo": "plover2CAT",
        "type": "github"
      }
    },
    "plover_plugins_registry": {
      "flake": false,
      "locked": {
        "lastModified": 1746250566,
        "narHash": "sha256-PvR6XhDokshD+yFAZ9/Xen/gThguxbMlHKwabSIL6hk=",
        "owner": "openstenoproject",
        "repo": "plover_plugins_registry",
        "rev": "52e8959bc4b671dc82fc4117d46d60d3aefc9638",
        "type": "github"
      },
      "original": {
        "owner": "openstenoproject",
        "repo": "plover_plugins_registry",
        "type": "github"
      }
    },
    "root": {
      "inputs": {
        "disko": "disko",
        "flake-registry": "flake-registry",
        "home-manager": "home-manager",
        "lyrical": "lyrical",
        "maomaowm": "maomaowm",
        "nixpkgs": "nixpkgs",
        "plover-flake": "plover-flake",
        "secrets": "secrets",
        "stylix": "stylix",
        "watt": "watt"
      }
    },
    "rtf-tokenize": {
      "flake": false,
      "locked": {
        "lastModified": 1751102035,
        "narHash": "sha256-bM/DFl1mpHgeBItdyA5Tt+Eo9u82Gz+6qwft2h0bM94=",
        "owner": "openstenoproject",
        "repo": "rtf_tokenize",
        "rev": "5c4ad772f4b45ceb35b60584e22a171e90526916",
        "type": "github"
      },
      "original": {
        "owner": "openstenoproject",
        "repo": "rtf_tokenize",
        "type": "github"
      }
    },
    "scenefx": {
      "inputs": {
        "nixpkgs": [
          "maomaowm",
          "nixpkgs"
        ]
      },
      "locked": {
        "lastModified": 1750785057,
        "narHash": "sha256-tGX6j4W91rcb+glXJo43sjPI9zQvPotonknG1BdihR4=",
        "owner": "wlrfx",
        "repo": "scenefx",
        "rev": "3a6cfb12e4ba97b43326357d14f7b3e40897adfc",
        "type": "github"
      },
      "original": {
        "owner": "wlrfx",
        "repo": "scenefx",
        "type": "github"
      }
    },
    "secrets": {
      "flake": false,
      "locked": {
        "lastModified": 1749855188,
        "narHash": "sha256-6f79X+foLaU/moSzIh2x/o2uIYJSKENihbuwG8mmoj4=",
        "ref": "refs/heads/main",
        "rev": "59f484cd26baca2dd7733a400af4d97182522a1f",
        "revCount": 3,
        "type": "git",
        "url": "ssh://git@github.com/raymon-roos/nix-secrets"
      },
      "original": {
        "type": "git",
        "url": "ssh://git@github.com/raymon-roos/nix-secrets"
      }
    },
    "stylix": {
      "inputs": {
        "base16": "base16",
        "base16-fish": "base16-fish",
        "base16-helix": "base16-helix",
        "base16-vim": "base16-vim",
        "firefox-gnome-theme": "firefox-gnome-theme",
        "flake-parts": "flake-parts_3",
        "gnome-shell": "gnome-shell",
        "nixpkgs": [
          "nixpkgs"
        ],
        "nur": "nur",
        "systems": "systems",
        "tinted-foot": "tinted-foot",
        "tinted-kitty": "tinted-kitty",
        "tinted-schemes": "tinted-schemes",
        "tinted-tmux": "tinted-tmux",
        "tinted-zed": "tinted-zed"
      },
      "locked": {
        "lastModified": 1751840923,
        "narHash": "sha256-4HZxn+PrWytrWVg5c5SEetv3m9/k7rngJq27zKuRIfo=",
        "owner": "danth",
        "repo": "stylix",
        "rev": "5259682ce58d935f248297bf1c9793a5cee0787e",
        "type": "github"
      },
      "original": {
        "owner": "danth",
        "repo": "stylix",
        "type": "github"
      }
    },
    "systems": {
      "locked": {
        "lastModified": 1681028828,
        "narHash": "sha256-Vy1rq5AaRuLzOxct8nz4T6wlgyUR7zLU309k9mBC768=",
        "owner": "nix-systems",
        "repo": "default",
        "rev": "da67096a3b9bf56a91d16901293e51ba5b49a27e",
        "type": "github"
      },
      "original": {
        "owner": "nix-systems",
        "repo": "default",
        "type": "github"
      }
    },
    "tinted-foot": {
      "flake": false,
      "locked": {
        "lastModified": 1726913040,
        "narHash": "sha256-+eDZPkw7efMNUf3/Pv0EmsidqdwNJ1TaOum6k7lngDQ=",
        "owner": "tinted-theming",
        "repo": "tinted-foot",
        "rev": "fd1b924b6c45c3e4465e8a849e67ea82933fcbe4",
        "type": "github"
      },
      "original": {
        "owner": "tinted-theming",
        "repo": "tinted-foot",
        "rev": "fd1b924b6c45c3e4465e8a849e67ea82933fcbe4",
        "type": "github"
      }
    },
    "tinted-kitty": {
      "flake": false,
      "locked": {
        "lastModified": 1735730497,
        "narHash": "sha256-4KtB+FiUzIeK/4aHCKce3V9HwRvYaxX+F1edUrfgzb8=",
        "owner": "tinted-theming",
        "repo": "tinted-kitty",
        "rev": "de6f888497f2c6b2279361bfc790f164bfd0f3fa",
        "type": "github"
      },
      "original": {
        "owner": "tinted-theming",
        "repo": "tinted-kitty",
        "type": "github"
      }
    },
    "tinted-schemes": {
      "flake": false,
      "locked": {
        "lastModified": 1748180480,
        "narHash": "sha256-7n0XiZiEHl2zRhDwZd/g+p38xwEoWtT0/aESwTMXWG4=",
        "owner": "tinted-theming",
        "repo": "schemes",
        "rev": "87d652edd26f5c0c99deda5ae13dfb8ece2ffe31",
        "type": "github"
      },
      "original": {
        "owner": "tinted-theming",
        "repo": "schemes",
        "type": "github"
      }
    },
    "tinted-tmux": {
      "flake": false,
      "locked": {
        "lastModified": 1748740859,
        "narHash": "sha256-OEM12bg7F4N5WjZOcV7FHJbqRI6jtCqL6u8FtPrlZz4=",
        "owner": "tinted-theming",
        "repo": "tinted-tmux",
        "rev": "57d5f9683ff9a3b590643beeaf0364da819aedda",
        "type": "github"
      },
      "original": {
        "owner": "tinted-theming",
        "repo": "tinted-tmux",
        "type": "github"
      }
    },
    "tinted-zed": {
      "flake": false,
      "locked": {
        "lastModified": 1725758778,
        "narHash": "sha256-8P1b6mJWyYcu36WRlSVbuj575QWIFZALZMTg5ID/sM4=",
        "owner": "tinted-theming",
        "repo": "base16-zed",
        "rev": "122c9e5c0e6f27211361a04fae92df97940eccf9",
        "type": "github"
      },
      "original": {
        "owner": "tinted-theming",
        "repo": "base16-zed",
        "type": "github"
      }
    },
    "treefmt-nix": {
      "inputs": {
        "nixpkgs": [
          "stylix",
          "nur",
          "nixpkgs"
        ]
      },
      "locked": {
        "lastModified": 1733222881,
        "narHash": "sha256-JIPcz1PrpXUCbaccEnrcUS8jjEb/1vJbZz5KkobyFdM=",
        "owner": "numtide",
        "repo": "treefmt-nix",
        "rev": "49717b5af6f80172275d47a418c9719a31a78b53",
        "type": "github"
      },
      "original": {
        "owner": "numtide",
        "repo": "treefmt-nix",
        "type": "github"
      }
    },
    "watt": {
      "inputs": {
        "nixpkgs": [
          "nixpkgs"
        ]
      },
      "locked": {
        "lastModified": 1749377316,
        "narHash": "sha256-hw3rL4rlIlYJMTeE7DlQ3lRhQDJURAhE+PC/NT4VAAQ=",
        "owner": "NotAShelf",
        "repo": "watt",
        "rev": "154724c7b1bd49654ea55df719e1eb3219ec2000",
        "type": "github"
      },
      "original": {
        "owner": "NotAShelf",
        "repo": "watt",
        "type": "github"
      }
    }
  },
  "root": "root",
  "version": 7
}
